
Microsoft Visual Studio Solution File, Format Version 12.00
# Visual Studio Version 17
VisualStudioVersion = 17.11.35312.102
MinimumVisualStudioVersion = 10.0.40219.1
Project("{FAE04EC0-301F-11D3-BF4B-00C04F79EFBC}") = "UniversityConsultationsApp", "UniversityConsultationsApp.csproj", "{AB5DFCCD-4F4A-44E7-A643-8F0778E664C8}"
EndProject
Global
	GlobalSection(SolutionConfigurationPlatforms) = preSolution
		Debug|Any CPU = Debug|Any CPU
		Release|Any CPU = Release|Any CPU
	EndGlobalSection
	GlobalSection(ProjectConfigurationPlatforms) = postSolution
		{AB5DFCCD-4F4A-44E7-A643-8F0778E664C8}.Debug|Any CPU.ActiveCfg = Debug|Any CPU
		{AB5DFCCD-4F4A-44E7-A643-8F0778E664C8}.Debug|Any CPU.Build.0 = Debug|Any CPU
		{AB5DFCCD-4F4A-44E7-A643-8F0778E664C8}.Release|Any CPU.ActiveCfg = Release|Any CPU
		{AB5DFCCD-4F4A-44E7-A643-8F0778E664C8}.Release|Any CPU.Build.0 = Release|Any CPU
	EndGlobalSection
	GlobalSection(SolutionProperties) = preSolution
		HideSolutionNode = FALSE
	EndGlobalSection
	GlobalSection(ExtensibilityGlobals) = postSolution
		SolutionGuid = {6F5BD220-6DAD-43F6-8C95-B6FEABC76439}
	EndGlobalSection
EndGlobal
